
Microsoft Visual Studio Solution File, Format Version 12.00
# Visual Studio Version 17
VisualStudioVersion = 17.7.34202.233
MinimumVisualStudioVersion = 10.0.40219.1
Project("{2150E333-8FDC-42A3-9474-1A3956D46DE8}") = "Solution Items", "Solution Items", "{ADE50019-D4E4-413F-85AA-F235C61AB4CD}"
	ProjectSection(SolutionItems) = preProject
		HelloWorldCS.cs = HelloWorldCS.cs
		HelloWorldCpp.cpp = HelloWorldCpp.cpp
		HelloWorldC.c = HelloWorldC.c
		HelloWorldHtml.html = HelloWorldHtml.html
		HelloWorldJS.js = HelloWorldJS.js
		HelloWorldGo.go = HelloWorldGo.go
		HelloWorldJava.jar = HelloWorldJava.jar
		HelloWorldPascal.pas = HelloWorldPascal.pas
		HelloWorldPython.py = HelloWorldPython.py
		HelloWorldPerl.pl = HelloWorldPerl.pl
		HelloWorldOC.m = HelloWorldOC.m
		HelloWorldKotlin.kt = HelloWorldKotlin.kt
		HelloWorldDelphi.delphi = HelloWorldDelphi.delphi
		HelloWorldVB.vb = HelloWorldVB.vb
	EndProjectSection
EndProject
Global
	GlobalSection(SolutionProperties) = preSolution
		HideSolutionNode = FALSE
	EndGlobalSection
	GlobalSection(ExtensibilityGlobals) = postSolution
		SolutionGuid = {1C1B0B2B-7E00-4213-9EEF-F991A0410E8D}
	EndGlobalSection
EndGlobal
